
Microsoft Visual Studio Solution File, Format Version 12.00
# Visual Studio Version 17
VisualStudioVersion = 17.9.34728.123
MinimumVisualStudioVersion = 10.0.40219.1
Project("{9A19103F-16F7-4668-BE54-9A1E7A4F7556}") = "WebClient", "WebApplication1\WebClient.csproj", "{8D72BE4C-29FB-40DD-9FE4-5496B5077690}"
EndProject
Project("{9A19103F-16F7-4668-BE54-9A1E7A4F7556}") = "GrpsServer", "GrpsServer\GrpsServer.csproj", "{2B5FE2CA-1741-474D-9597-51F07E259138}"
EndProject
Project("{9A19103F-16F7-4668-BE54-9A1E7A4F7556}") = "UnitTests", "UnitTests\UnitTests.csproj", "{8B784759-A9AB-4468-B4C7-6288B15E9424}"
EndProject
Global
	GlobalSection(SolutionConfigurationPlatforms) = preSolution
		Debug|Any CPU = Debug|Any CPU
		Release|Any CPU = Release|Any CPU
	EndGlobalSection
	GlobalSection(ProjectConfigurationPlatforms) = postSolution
		{8D72BE4C-29FB-40DD-9FE4-5496B5077690}.Debug|Any CPU.ActiveCfg = Debug|Any CPU
		{8D72BE4C-29FB-40DD-9FE4-5496B5077690}.Debug|Any CPU.Build.0 = Debug|Any CPU
		{8D72BE4C-29FB-40DD-9FE4-5496B5077690}.Release|Any CPU.ActiveCfg = Release|Any CPU
		{8D72BE4C-29FB-40DD-9FE4-5496B5077690}.Release|Any CPU.Build.0 = Release|Any CPU
		{2B5FE2CA-1741-474D-9597-51F07E259138}.Debug|Any CPU.ActiveCfg = Debug|Any CPU
		{2B5FE2CA-1741-474D-9597-51F07E259138}.Debug|Any CPU.Build.0 = Debug|Any CPU
		{2B5FE2CA-1741-474D-9597-51F07E259138}.Release|Any CPU.ActiveCfg = Release|Any CPU
		{2B5FE2CA-1741-474D-9597-51F07E259138}.Release|Any CPU.Build.0 = Release|Any CPU
		{8B784759-A9AB-4468-B4C7-6288B15E9424}.Debug|Any CPU.ActiveCfg = Debug|Any CPU
		{8B784759-A9AB-4468-B4C7-6288B15E9424}.Debug|Any CPU.Build.0 = Debug|Any CPU
		{8B784759-A9AB-4468-B4C7-6288B15E9424}.Release|Any CPU.ActiveCfg = Release|Any CPU
		{8B784759-A9AB-4468-B4C7-6288B15E9424}.Release|Any CPU.Build.0 = Release|Any CPU
	EndGlobalSection
	GlobalSection(SolutionProperties) = preSolution
		HideSolutionNode = FALSE
	EndGlobalSection
	GlobalSection(ExtensibilityGlobals) = postSolution
		SolutionGuid = {FEC22DF6-26D8-4531-B260-CE7D4E0D25AA}
	EndGlobalSection
EndGlobal
